// !$*UTF8*$!
{
	archiveVersion = 1;
	classes = {
	};
	objectVersion = 46;
	objects = {

/* Begin PBXBuildFile section */
		D04135B81BB971ED00EC6208 /* main.m in Sources */ = {isa = PBXBuildFile; fileRef = D04135B71BB971ED00EC6208 /* main.m */; };
		D04135BB1BB971ED00EC6208 /* AppDelegate.m in Sources */ = {isa = PBXBuildFile; fileRef = D04135BA1BB971ED00EC6208 /* AppDelegate.m */; };
		D04135BE1BB971ED00EC6208 /* ViewController.m in Sources */ = {isa = PBXBuildFile; fileRef = D04135BD1BB971ED00EC6208 /* ViewController.m */; };
		D04135C11BB971ED00EC6208 /* Main.storyboard in Resources */ = {isa = PBXBuildFile; fileRef = D04135BF1BB971ED00EC6208 /* Main.storyboard */; };
		D04135C31BB971ED00EC6208 /* Images.xcassets in Resources */ = {isa = PBXBuildFile; fileRef = D04135C21BB971ED00EC6208 /* Images.xcassets */; };
		D04135C61BB971ED00EC6208 /* LaunchScreen.xib in Resources */ = {isa = PBXBuildFile; fileRef = D04135C41BB971ED00EC6208 /* LaunchScreen.xib */; };
		D04135D21BB971EE00EC6208 /* KMUIAppTests.m in Sources */ = {isa = PBXBuildFile; fileRef = D04135D11BB971EE00EC6208 /* KMUIAppTests.m */; };
		D04135DD1BB973E500EC6208 /* KLApple.m in Sources */ = {isa = PBXBuildFile; fileRef = D04135DC1BB973E500EC6208 /* KLApple.m */; };
		D04135E01BB9740000EC6208 /* KLTree.m in Sources */ = {isa = PBXBuildFile; fileRef = D04135DF1BB9740000EC6208 /* KLTree.m */; };
/* End PBXBuildFile section */

/* Begin PBXContainerItemProxy section */
		D04135CC1BB971EE00EC6208 /* PBXContainerItemProxy */ = {
			isa = PBXContainerItemProxy;
			containerPortal = D04135AA1BB971ED00EC6208 /* Project object */;
			proxyType = 1;
			remoteGlobalIDString = D04135B11BB971ED00EC6208;
			remoteInfo = KMUIApp;
		};
/* End PBXContainerItemProxy section */

/* Begin PBXFileReference section */
		D04135B21BB971ED00EC6208 /* KMUIApp.app */ = {isa = PBXFileReference; explicitFileType = wrapper.application; includeInIndex = 0; path = KMUIApp.app; sourceTree = BUILT_PRODUCTS_DIR; };
		D04135B61BB971ED00EC6208 /* Info.plist */ = {isa = PBXFileReference; lastKnownFileType = text.plist.xml; path = Info.plist; sourceTree = "<group>"; };
		D04135B71BB971ED00EC6208 /* main.m */ = {isa = PBXFileReference; lastKnownFileType = sourcecode.c.objc; path = main.m; sourceTree = "<group>"; };
		D04135B91BB971ED00EC6208 /* AppDelegate.h */ = {isa = PBXFileReference; lastKnownFileType = sourcecode.c.h; path = AppDelegate.h; sourceTree = "<group>"; };
		D04135BA1BB971ED00EC6208 /* AppDelegate.m */ = {isa = PBXFileReference; lastKnownFileType = sourcecode.c.objc; path = AppDelegate.m; sourceTree = "<group>"; };
		D04135BC1BB971ED00EC6208 /* ViewController.h */ = {isa = PBXFileReference; lastKnownFileType = sourcecode.c.h; path = ViewController.h; sourceTree = "<group>"; };
		D04135BD1BB971ED00EC6208 /* ViewController.m */ = {isa = PBXFileReference; lastKnownFileType = sourcecode.c.objc; path = ViewController.m; sourceTree = "<group>"; };
		D04135C01BB971ED00EC6208 /* Base */ = {isa = PBXFileReference; lastKnownFileType = file.storyboard; name = Base; path = Base.lproj/Main.storyboard; sourceTree = "<group>"; };
		D04135C21BB971ED00EC6208 /* Images.xcassets */ = {isa = PBXFileReference; lastKnownFileType = folder.assetcatalog; path = Images.xcassets; sourceTree = "<group>"; };
		D04135C51BB971ED00EC6208 /* Base */ = {isa = PBXFileReference; lastKnownFileType = file.xib; name = Base; path = Base.lproj/LaunchScreen.xib; sourceTree = "<group>"; };
		D04135CB1BB971EE00EC6208 /* KMUIAppTests.xctest */ = {isa = PBXFileReference; explicitFileType = wrapper.cfbundle; includeInIndex = 0; path = KMUIAppTests.xctest; sourceTree = BUILT_PRODUCTS_DIR; };
		D04135D01BB971EE00EC6208 /* Info.plist */ = {isa = PBXFileReference; lastKnownFileType = text.plist.xml; path = Info.plist; sourceTree = "<group>"; };
		D04135D11BB971EE00EC6208 /* KMUIAppTests.m */ = {isa = PBXFileReference; lastKnownFileType = sourcecode.c.objc; path = KMUIAppTests.m; sourceTree = "<group>"; };
		D04135DB1BB973E500EC6208 /* KLApple.h */ = {isa = PBXFileReference; fileEncoding = 4; lastKnownFileType = sourcecode.c.h; path = KLApple.h; sourceTree = "<group>"; };
		D04135DC1BB973E500EC6208 /* KLApple.m */ = {isa = PBXFileReference; fileEncoding = 4; lastKnownFileType = sourcecode.c.objc; path = KLApple.m; sourceTree = "<group>"; };
		D04135DE1BB9740000EC6208 /* KLTree.h */ = {isa = PBXFileReference; fileEncoding = 4; lastKnownFileType = sourcecode.c.h; path = KLTree.h; sourceTree = "<group>"; };
		D04135DF1BB9740000EC6208 /* KLTree.m */ = {isa = PBXFileReference; fileEncoding = 4; lastKnownFileType = sourcecode.c.objc; path = KLTree.m; sourceTree = "<group>"; };
/* End PBXFileReference section */

/* Begin PBXFrameworksBuildPhase section */
		D04135AF1BB971ED00EC6208 /* Frameworks */ = {
			isa = PBXFrameworksBuildPhase;
			buildActionMask = 2147483647;
			files = (
			);
			runOnlyForDeploymentPostprocessing = 0;
		};
		D04135C81BB971EE00EC6208 /* Frameworks */ = {
			isa = PBXFrameworksBuildPhase;
			buildActionMask = 2147483647;
			files = (
			);
			runOnlyForDeploymentPostprocessing = 0;
		};
/* End PBXFrameworksBuildPhase section */

/* Begin PBXGroup section */
		D04135A91BB971ED00EC6208 = {
			isa = PBXGroup;
			children = (
				D04135DE1BB9740000EC6208 /* KLTree.h */,
				D04135DF1BB9740000EC6208 /* KLTree.m */,
				D04135DB1BB973E500EC6208 /* KLApple.h */,
				D04135DC1BB973E500EC6208 /* KLApple.m */,
				D04135B41BB971ED00EC6208 /* KMUIApp */,
				D04135CE1BB971EE00EC6208 /* KMUIAppTests */,
				D04135B31BB971ED00EC6208 /* Products */,
			);
			sourceTree = "<group>";
		};
		D04135B31BB971ED00EC6208 /* Products */ = {
			isa = PBXGroup;
			children = (
				D04135B21BB971ED00EC6208 /* KMUIApp.app */,
				D04135CB1BB971EE00EC6208 /* KMUIAppTests.xctest */,
			);
			name = Products;
			sourceTree = "<group>";
		};
		D04135B41BB971ED00EC6208 /* KMUIApp */ = {
			isa = PBXGroup;
			children = (
				D04135B91BB971ED00EC6208 /* AppDelegate.h */,
				D04135BA1BB971ED00EC6208 /* AppDelegate.m */,
				D04135BC1BB971ED00EC6208 /* ViewController.h */,
				D04135BD1BB971ED00EC6208 /* ViewController.m */,
				D04135BF1BB971ED00EC6208 /* Main.storyboard */,
				D04135C21BB971ED00EC6208 /* Images.xcassets */,
				D04135C41BB971ED00EC6208 /* LaunchScreen.xib */,
				D04135B51BB971ED00EC6208 /* Supporting Files */,
			);
			path = KMUIApp;
			sourceTree = "<group>";
		};
		D04135B51BB971ED00EC6208 /* Supporting Files */ = {
			isa = PBXGroup;
			children = (
				D04135B61BB971ED00EC6208 /* Info.plist */,
				D04135B71BB971ED00EC6208 /* main.m */,
			);
			name = "Supporting Files";
			sourceTree = "<group>";
		};
		D04135CE1BB971EE00EC6208 /* KMUIAppTests */ = {
			isa = PBXGroup;
			children = (
				D04135D11BB971EE00EC6208 /* KMUIAppTests.m */,
				D04135CF1BB971EE00EC6208 /* Supporting Files */,
			);
			path = KMUIAppTests;
			sourceTree = "<group>";
		};
		D04135CF1BB971EE00EC6208 /* Supporting Files */ = {
			isa = PBXGroup;
			children = (
				D04135D01BB971EE00EC6208 /* Info.plist */,
			);
			name = "Supporting Files";
			sourceTree = "<group>";
		};
/* End PBXGroup section */

/* Begin PBXNativeTarget section */
		D04135B11BB971ED00EC6208 /* KMUIApp */ = {
			isa = PBXNativeTarget;
			buildConfigurationList = D04135D51BB971EE00EC6208 /* Build configuration list for PBXNativeTarget "KMUIApp" */;
			buildPhases = (
				D04135AE1BB971ED00EC6208 /* Sources */,
				D04135AF1BB971ED00EC6208 /* Frameworks */,
				D04135B01BB971ED00EC6208 /* Resources */,
			);
			buildRules = (
			);
			dependencies = (
			);
			name = KMUIApp;
			productName = KMUIApp;
			productReference = D04135B21BB971ED00EC6208 /* KMUIApp.app */;
			productType = "com.apple.product-type.application";
		};
		D04135CA1BB971EE00EC6208 /* KMUIAppTests */ = {
			isa = PBXNativeTarget;
			buildConfigurationList = D04135D81BB971EE00EC6208 /* Build configuration list for PBXNativeTarget "KMUIAppTests" */;
			buildPhases = (
				D04135C71BB971EE00EC6208 /* Sources */,
				D04135C81BB971EE00EC6208 /* Frameworks */,
				D04135C91BB971EE00EC6208 /* Resources */,
			);
			buildRules = (
			);
			dependencies = (
				D04135CD1BB971EE00EC6208 /* PBXTargetDependency */,
			);
			name = KMUIAppTests;
			productName = KMUIAppTests;
			productReference = D04135CB1BB971EE00EC6208 /* KMUIAppTests.xctest */;
			productType = "com.apple.product-type.bundle.unit-test";
		};
/* End PBXNativeTarget section */

/* Begin PBXProject section */
		D04135AA1BB971ED00EC6208 /* Project object */ = {
			isa = PBXProject;
			attributes = {
				LastUpgradeCheck = 0620;
				ORGANIZATIONNAME = fpmi;
				TargetAttributes = {
					D04135B11BB971ED00EC6208 = {
						CreatedOnToolsVersion = 6.2;
					};
					D04135CA1BB971EE00EC6208 = {
						CreatedOnToolsVersion = 6.2;
						TestTargetID = D04135B11BB971ED00EC6208;
					};
				};
			};
			buildConfigurationList = D04135AD1BB971ED00EC6208 /* Build configuration list for PBXProject "KMUIApp" */;
			compatibilityVersion = "Xcode 3.2";
			developmentRegion = English;
			hasScannedForEncodings = 0;
			knownRegions = (
				en,
				Base,
			);
			mainGroup = D04135A91BB971ED00EC6208;
			productRefGroup = D04135B31BB971ED00EC6208 /* Products */;
			projectDirPath = "";
			projectRoot = "";
			targets = (
				D04135B11BB971ED00EC6208 /* KMUIApp */,
				D04135CA1BB971EE00EC6208 /* KMUIAppTests */,
			);
		};
/* End PBXProject section */

/* Begin PBXResourcesBuildPhase section */
		D04135B01BB971ED00EC6208 /* Resources */ = {
			isa = PBXResourcesBuildPhase;
			buildActionMask = 2147483647;
			files = (
				D04135C11BB971ED00EC6208 /* Main.storyboard in Resources */,
				D04135C61BB971ED00EC6208 /* LaunchScreen.xib in Resources */,
				D04135C31BB971ED00EC6208 /* Images.xcassets in Resources */,
			);
			runOnlyForDeploymentPostprocessing = 0;
		};
		D04135C91BB971EE00EC6208 /* Resources */ = {
			isa = PBXResourcesBuildPhase;
			buildActionMask = 2147483647;
			files = (
			);
			runOnlyForDeploymentPostprocessing = 0;
		};
/* End PBXResourcesBuildPhase section */

/* Begin PBXSourcesBuildPhase section */
		D04135AE1BB971ED00EC6208 /* Sources */ = {
			isa = PBXSourcesBuildPhase;
			buildActionMask = 2147483647;
			files = (
				D04135E01BB9740000EC6208 /* KLTree.m in Sources */,
				D04135BE1BB971ED00EC6208 /* ViewController.m in Sources */,
				D04135DD1BB973E500EC6208 /* KLApple.m in Sources */,
				D04135BB1BB971ED00EC6208 /* AppDelegate.m in Sources */,
				D04135B81BB971ED00EC6208 /* main.m in Sources */,
			);
			runOnlyForDeploymentPostprocessing = 0;
		};
		D04135C71BB971EE00EC6208 /* Sources */ = {
			isa = PBXSourcesBuildPhase;
			buildActionMask = 2147483647;
			files = (
				D04135D21BB971EE00EC6208 /* KMUIAppTests.m in Sources */,
			);
			runOnlyForDeploymentPostprocessing = 0;
		};
/* End PBXSourcesBuildPhase section */

/* Begin PBXTargetDependency section */
		D04135CD1BB971EE00EC6208 /* PBXTargetDependency */ = {
			isa = PBXTargetDependency;
			target = D04135B11BB971ED00EC6208 /* KMUIApp */;
			targetProxy = D04135CC1BB971EE00EC6208 /* PBXContainerItemProxy */;
		};
/* End PBXTargetDependency section */

/* Begin PBXVariantGroup section */
		D04135BF1BB971ED00EC6208 /* Main.storyboard */ = {
			isa = PBXVariantGroup;
			children = (
				D04135C01BB971ED00EC6208 /* Base */,
			);
			name = Main.storyboard;
			sourceTree = "<group>";
		};
		D04135C41BB971ED00EC6208 /* LaunchScreen.xib */ = {
			isa = PBXVariantGroup;
			children = (
				D04135C51BB971ED00EC6208 /* Base */,
			);
			name = LaunchScreen.xib;
			sourceTree = "<group>";
		};
/* End PBXVariantGroup section */

/* Begin XCBuildConfiguration section */
		D04135D31BB971EE00EC6208 /* Debug */ = {
			isa = XCBuildConfiguration;
			buildSettings = {
				ALWAYS_SEARCH_USER_PATHS = NO;
				CLANG_CXX_LANGUAGE_STANDARD = "gnu++0x";
				CLANG_CXX_LIBRARY = "libc++";
				CLANG_ENABLE_MODULES = YES;
				CLANG_ENABLE_OBJC_ARC = YES;
				CLANG_WARN_BOOL_CONVERSION = YES;
				CLANG_WARN_CONSTANT_CONVERSION = YES;
				CLANG_WARN_DIRECT_OBJC_ISA_USAGE = YES_ERROR;
				CLANG_WARN_EMPTY_BODY = YES;
				CLANG_WARN_ENUM_CONVERSION = YES;
				CLANG_WARN_INT_CONVERSION = YES;
				CLANG_WARN_OBJC_ROOT_CLASS = YES_ERROR;
				CLANG_WARN_UNREACHABLE_CODE = YES;
				CLANG_WARN__DUPLICATE_METHOD_MATCH = YES;
				"CODE_SIGN_IDENTITY[sdk=iphoneos*]" = "iPhone Developer";
				COPY_PHASE_STRIP = NO;
				ENABLE_STRICT_OBJC_MSGSEND = YES;
				GCC_C_LANGUAGE_STANDARD = gnu99;
				GCC_DYNAMIC_NO_PIC = NO;
				GCC_OPTIMIZATION_LEVEL = 0;
				GCC_PREPROCESSOR_DEFINITIONS = (
					"DEBUG=1",
					"$(inherited)",
				);
				GCC_SYMBOLS_PRIVATE_EXTERN = NO;
				GCC_WARN_64_TO_32_BIT_CONVERSION = YES;
				GCC_WARN_ABOUT_RETURN_TYPE = YES_ERROR;
				GCC_WARN_UNDECLARED_SELECTOR = YES;
				GCC_WARN_UNINITIALIZED_AUTOS = YES_AGGRESSIVE;
				GCC_WARN_UNUSED_FUNCTION = YES;
				GCC_WARN_UNUSED_VARIABLE = YES;
				IPHONEOS_DEPLOYMENT_TARGET = 8.2;
				MTL_ENABLE_DEBUG_INFO = YES;
				ONLY_ACTIVE_ARCH = YES;
				SDKROOT = iphoneos;
			};
			name = Debug;
		};
		D04135D41BB971EE00EC6208 /* Release */ = {
			isa = XCBuildConfiguration;
			buildSettings = {
				ALWAYS_SEARCH_USER_PATHS = NO;
				CLANG_CXX_LANGUAGE_STANDARD = "gnu++0x";
				CLANG_CXX_LIBRARY = "libc++";
				CLANG_ENABLE_MODULES = YES;
				CLANG_ENABLE_OBJC_ARC = YES;
				CLANG_WARN_BOOL_CONVERSION = YES;
				CLANG_WARN_CONSTANT_CONVERSION = YES;
				CLANG_WARN_DIRECT_OBJC_ISA_USAGE = YES_ERROR;
				CLANG_WARN_EMPTY_BODY = YES;
				CLANG_WARN_ENUM_CONVERSION = YES;
				CLANG_WARN_INT_CONVERSION = YES;
				CLANG_WARN_OBJC_ROOT_CLASS = YES_ERROR;
				CLANG_WARN_UNREACHABLE_CODE = YES;
				CLANG_WARN__DUPLICATE_METHOD_MATCH = YES;
				"CODE_SIGN_IDENTITY[sdk=iphoneos*]" = "iPhone Developer";
				COPY_PHASE_STRIP = NO;
				ENABLE_NS_ASSERTIONS = NO;
				ENABLE_STRICT_OBJC_MSGSEND = YES;
				GCC_C_LANGUAGE_STANDARD = gnu99;
				GCC_WARN_64_TO_32_BIT_CONVERSION = YES;
				GCC_WARN_ABOUT_RETURN_TYPE = YES_ERROR;
				GCC_WARN_UNDECLARED_SELECTOR = YES;
				GCC_WARN_UNINITIALIZED_AUTOS = YES_AGGRESSIVE;
				GCC_WARN_UNUSED_FUNCTION = YES;
				GCC_WARN_UNUSED_VARIABLE = YES;
				IPHONEOS_DEPLOYMENT_TARGET = 8.2;
				MTL_ENABLE_DEBUG_INFO = NO;
				SDKROOT = iphoneos;
				VALIDATE_PRODUCT = YES;
			};
			name = Release;
		};
		D04135D61BB971EE00EC6208 /* Debug */ = {
			isa = XCBuildConfiguration;
			buildSettings = {
				ASSETCATALOG_COMPILER_APPICON_NAME = AppIcon;
				INFOPLIST_FILE = KMUIApp/Info.plist;
				LD_RUNPATH_SEARCH_PATHS = "$(inherited) @executable_path/Frameworks";
				PRODUCT_NAME = "$(TARGET_NAME)";
			};
			name = Debug;
		};
		D04135D71BB971EE00EC6208 /* Release */ = {
			isa = XCBuildConfiguration;
			buildSettings = {
				ASSETCATALOG_COMPILER_APPICON_NAME = AppIcon;
				INFOPLIST_FILE = KMUIApp/Info.plist;
				LD_RUNPATH_SEARCH_PATHS = "$(inherited) @executable_path/Frameworks";
				PRODUCT_NAME = "$(TARGET_NAME)";
			};
			name = Release;
		};
		D04135D91BB971EE00EC6208 /* Debug */ = {
			isa = XCBuildConfiguration;
			buildSettings = {
				BUNDLE_LOADER = "$(TEST_HOST)";
				FRAMEWORK_SEARCH_PATHS = (
					"$(SDKROOT)/Developer/Library/Frameworks",
					"$(inherited)",
				);
				GCC_PREPROCESSOR_DEFINITIONS = (
					"DEBUG=1",
					"$(inherited)",
				);
				INFOPLIST_FILE = KMUIAppTests/Info.plist;
				LD_RUNPATH_SEARCH_PATHS = "$(inherited) @executable_path/Frameworks @loader_path/Frameworks";
				PRODUCT_NAME = "$(TARGET_NAME)";
				TEST_HOST = "$(BUILT_PRODUCTS_DIR)/KMUIApp.app/KMUIApp";
			};
			name = Debug;
		};
		D04135DA1BB971EE00EC6208 /* Release */ = {
			isa = XCBuildConfiguration;
			buildSettings = {
				BUNDLE_LOADER = "$(TEST_HOST)";
				FRAMEWORK_SEARCH_PATHS = (
					"$(SDKROOT)/Developer/Library/Frameworks",
					"$(inherited)",
				);
				INFOPLIST_FILE = KMUIAppTests/Info.plist;
				LD_RUNPATH_SEARCH_PATHS = "$(inherited) @executable_path/Frameworks @loader_path/Frameworks";
				PRODUCT_NAME = "$(TARGET_NAME)";
				TEST_HOST = "$(BUILT_PRODUCTS_DIR)/KMUIApp.app/KMUIApp";
			};
			name = Release;
		};
/* End XCBuildConfiguration section */

/* Begin XCConfigurationList section */
		D04135AD1BB971ED00EC6208 /* Build configuration list for PBXProject "KMUIApp" */ = {
			isa = XCConfigurationList;
			buildConfigurations = (
				D04135D31BB971EE00EC6208 /* Debug */,
				D04135D41BB971EE00EC6208 /* Release */,
			);
			defaultConfigurationIsVisible = 0;
			defaultConfigurationName = Release;
		};
		D04135D51BB971EE00EC6208 /* Build configuration list for PBXNativeTarget "KMUIApp" */ = {
			isa = XCConfigurationList;
			buildConfigurations = (
				D04135D61BB971EE00EC6208 /* Debug */,
				D04135D71BB971EE00EC6208 /* Release */,
			);
			defaultConfigurationIsVisible = 0;
		};
		D04135D81BB971EE00EC6208 /* Build configuration list for PBXNativeTarget "KMUIAppTests" */ = {
			isa = XCConfigurationList;
			buildConfigurations = (
				D04135D91BB971EE00EC6208 /* Debug */,
				D04135DA1BB971EE00EC6208 /* Release */,
			);
			defaultConfigurationIsVisible = 0;
		};
/* End XCConfigurationList section */
	};
	rootObject = D04135AA1BB971ED00EC6208 /* Project object */;
}
